
Microsoft Visual Studio Solution File, Format Version 12.00
# Visual Studio Version 16
VisualStudioVersion = 16.0.30907.101
MinimumVisualStudioVersion = 10.0.40219.1
Project("{9A19103F-16F7-4668-BE54-9A1E7A4F7556}") = "SpecflowCalculator", "sources\SpecflowCalculator\SpecflowCalculator.csproj", "{B93B7C7B-938E-4EB6-BC85-22692C7678B2}"
EndProject
Project("{2150E333-8FDC-42A3-9474-1A3956D46DE8}") = "Sources", "Sources", "{D01FB39E-DB89-4F02-A485-DA66F28BB14F}"
EndProject
Project("{2150E333-8FDC-42A3-9474-1A3956D46DE8}") = "Tests", "Tests", "{C74BA33E-D0D2-4756-9A5A-6FE45EA55B82}"
EndProject
Project("{2150E333-8FDC-42A3-9474-1A3956D46DE8}") = "Docs", "Docs", "{C14C955A-9969-48D9-A78E-491B1DCD8966}"
	ProjectSection(SolutionItems) = preProject
		README.md = README.md
	EndProjectSection
EndProject
Project("{2150E333-8FDC-42A3-9474-1A3956D46DE8}") = ".Solution Items", ".Solution Items", "{936D658A-C9CF-453D-8CDB-712F7EE3931B}"
	ProjectSection(SolutionItems) = preProject
		.gitignore = .gitignore
		SpecflowTesting.sln.DotSettings = SpecflowTesting.sln.DotSettings
		SpecflowTesting.v3.ncrunchsolution = SpecflowTesting.v3.ncrunchsolution
	EndProjectSection
EndProject
Project("{9A19103F-16F7-4668-BE54-9A1E7A4F7556}") = "SpecflowCalculator.Specs", "tests\SpecflowCalculator.Specs\SpecflowCalculator.Specs.csproj", "{DE06C246-D696-404D-809A-35C1776BE3FC}"
EndProject
Project("{9A19103F-16F7-4668-BE54-9A1E7A4F7556}") = "SpecflowCalculator.AcceptanceTests", "tests\SpecflowCalculator.AcceptanceTests\SpecflowCalculator.AcceptanceTests.csproj", "{976C47D0-D0E7-4543-826A-D5E073B2ED65}"
EndProject
Global
	GlobalSection(SolutionConfigurationPlatforms) = preSolution
		Debug|Any CPU = Debug|Any CPU
		Release|Any CPU = Release|Any CPU
	EndGlobalSection
	GlobalSection(ProjectConfigurationPlatforms) = postSolution
		{B93B7C7B-938E-4EB6-BC85-22692C7678B2}.Debug|Any CPU.ActiveCfg = Debug|Any CPU
		{B93B7C7B-938E-4EB6-BC85-22692C7678B2}.Debug|Any CPU.Build.0 = Debug|Any CPU
		{B93B7C7B-938E-4EB6-BC85-22692C7678B2}.Release|Any CPU.ActiveCfg = Release|Any CPU
		{B93B7C7B-938E-4EB6-BC85-22692C7678B2}.Release|Any CPU.Build.0 = Release|Any CPU
		{DE06C246-D696-404D-809A-35C1776BE3FC}.Debug|Any CPU.ActiveCfg = Debug|Any CPU
		{DE06C246-D696-404D-809A-35C1776BE3FC}.Debug|Any CPU.Build.0 = Debug|Any CPU
		{DE06C246-D696-404D-809A-35C1776BE3FC}.Release|Any CPU.ActiveCfg = Release|Any CPU
		{DE06C246-D696-404D-809A-35C1776BE3FC}.Release|Any CPU.Build.0 = Release|Any CPU
		{976C47D0-D0E7-4543-826A-D5E073B2ED65}.Debug|Any CPU.ActiveCfg = Debug|Any CPU
		{976C47D0-D0E7-4543-826A-D5E073B2ED65}.Debug|Any CPU.Build.0 = Debug|Any CPU
		{976C47D0-D0E7-4543-826A-D5E073B2ED65}.Release|Any CPU.ActiveCfg = Release|Any CPU
		{976C47D0-D0E7-4543-826A-D5E073B2ED65}.Release|Any CPU.Build.0 = Release|Any CPU
	EndGlobalSection
	GlobalSection(SolutionProperties) = preSolution
		HideSolutionNode = FALSE
	EndGlobalSection
	GlobalSection(NestedProjects) = preSolution
		{B93B7C7B-938E-4EB6-BC85-22692C7678B2} = {D01FB39E-DB89-4F02-A485-DA66F28BB14F}
		{DE06C246-D696-404D-809A-35C1776BE3FC} = {C74BA33E-D0D2-4756-9A5A-6FE45EA55B82}
		{976C47D0-D0E7-4543-826A-D5E073B2ED65} = {C74BA33E-D0D2-4756-9A5A-6FE45EA55B82}
	EndGlobalSection
	GlobalSection(ExtensibilityGlobals) = postSolution
		SolutionGuid = {6B45B558-B1D7-4C8C-937A-8DD8563D8851}
	EndGlobalSection
EndGlobal
